
Microsoft Visual Studio Solution File, Format Version 12.00
# Visual Studio Version 17
VisualStudioVersion = 17.12.35707.178 d17.12
MinimumVisualStudioVersion = 10.0.40219.1
Project("{FAE04EC0-301F-11D3-BF4B-00C04F79EFBC}") = "Presentation", "Presentation\Presentation.csproj", "{E9D40EB4-BC97-40EE-80FC-E8B6E74BB867}"
EndProject
Project("{FAE04EC0-301F-11D3-BF4B-00C04F79EFBC}") = "Core", "Infrastructure\Core.csproj", "{EB149707-FDD0-4CF3-AF1F-50C00717B5B4}"
EndProject
Project("{FAE04EC0-301F-11D3-BF4B-00C04F79EFBC}") = "Domain", "Shared\Domain.csproj", "{C3530281-322C-466C-AED9-3FFE7EEF15A1}"
EndProject
Global
	GlobalSection(SolutionConfigurationPlatforms) = preSolution
		Debug|Any CPU = Debug|Any CPU
		Release|Any CPU = Release|Any CPU
	EndGlobalSection
	GlobalSection(ProjectConfigurationPlatforms) = postSolution
		{E9D40EB4-BC97-40EE-80FC-E8B6E74BB867}.Debug|Any CPU.ActiveCfg = Debug|Any CPU
		{E9D40EB4-BC97-40EE-80FC-E8B6E74BB867}.Debug|Any CPU.Build.0 = Debug|Any CPU
		{E9D40EB4-BC97-40EE-80FC-E8B6E74BB867}.Release|Any CPU.ActiveCfg = Release|Any CPU
		{E9D40EB4-BC97-40EE-80FC-E8B6E74BB867}.Release|Any CPU.Build.0 = Release|Any CPU
		{EB149707-FDD0-4CF3-AF1F-50C00717B5B4}.Debug|Any CPU.ActiveCfg = Debug|Any CPU
		{EB149707-FDD0-4CF3-AF1F-50C00717B5B4}.Debug|Any CPU.Build.0 = Debug|Any CPU
		{EB149707-FDD0-4CF3-AF1F-50C00717B5B4}.Release|Any CPU.ActiveCfg = Release|Any CPU
		{EB149707-FDD0-4CF3-AF1F-50C00717B5B4}.Release|Any CPU.Build.0 = Release|Any CPU
		{C3530281-322C-466C-AED9-3FFE7EEF15A1}.Debug|Any CPU.ActiveCfg = Debug|Any CPU
		{C3530281-322C-466C-AED9-3FFE7EEF15A1}.Debug|Any CPU.Build.0 = Debug|Any CPU
		{C3530281-322C-466C-AED9-3FFE7EEF15A1}.Release|Any CPU.ActiveCfg = Release|Any CPU
		{C3530281-322C-466C-AED9-3FFE7EEF15A1}.Release|Any CPU.Build.0 = Release|Any CPU
	EndGlobalSection
	GlobalSection(SolutionProperties) = preSolution
		HideSolutionNode = FALSE
	EndGlobalSection
EndGlobal
